
Microsoft Visual Studio Solution File, Format Version 12.00
# Visual Studio Version 17
VisualStudioVersion = 17.11.35327.3
MinimumVisualStudioVersion = 10.0.40219.1
Project("{8BC9CEB8-8B4A-11D0-8D11-00A0C91BC942}") = "RELEASE_KERNEL", "RELEASE_KERNEL\SonosNewJMP.vcxproj", "{7D0208D4-713E-471E-94C8-3795D160D373}"
EndProject
Project("{8BC9CEB8-8B4A-11D0-8D11-00A0C91BC942}") = "RELEASE_USERMODE", "RELEASE_USERMODE\RELEASE_USERMODE.vcxproj", "{1F0E65F3-8F9A-4C02-96BB-52D26E54BFC2}"
EndProject
Project("{8BC9CEB8-8B4A-11D0-8D11-00A0C91BC942}") = "RELEASE_MAPPER", "gD\gdrv-loader.vcxproj", "{C2F662DB-3ED6-47EE-A331-2EBE11AA36C3}"
EndProject
Project("{8BC9CEB8-8B4A-11D0-8D11-00A0C91BC942}") = "RELEASE_LOADER", "RELEASE_LOADER\RELEASE_LOADER.vcxproj", "{C12D2325-8DA1-44FD-82B1-049DA1A639C3}"
EndProject
Global
	GlobalSection(SolutionConfigurationPlatforms) = preSolution
		Debug|ARM64 = Debug|ARM64
		Debug|x64 = Debug|x64
		Debug|x86 = Debug|x86
		Release|ARM64 = Release|ARM64
		Release|x64 = Release|x64
		Release|x86 = Release|x86
	EndGlobalSection
	GlobalSection(ProjectConfigurationPlatforms) = postSolution
		{7D0208D4-713E-471E-94C8-3795D160D373}.Debug|ARM64.ActiveCfg = Debug|ARM64
		{7D0208D4-713E-471E-94C8-3795D160D373}.Debug|ARM64.Build.0 = Debug|ARM64
		{7D0208D4-713E-471E-94C8-3795D160D373}.Debug|ARM64.Deploy.0 = Debug|ARM64
		{7D0208D4-713E-471E-94C8-3795D160D373}.Debug|x64.ActiveCfg = Debug|x64
		{7D0208D4-713E-471E-94C8-3795D160D373}.Debug|x64.Build.0 = Debug|x64
		{7D0208D4-713E-471E-94C8-3795D160D373}.Debug|x64.Deploy.0 = Debug|x64
		{7D0208D4-713E-471E-94C8-3795D160D373}.Debug|x86.ActiveCfg = Debug|x64
		{7D0208D4-713E-471E-94C8-3795D160D373}.Debug|x86.Build.0 = Debug|x64
		{7D0208D4-713E-471E-94C8-3795D160D373}.Debug|x86.Deploy.0 = Debug|x64
		{7D0208D4-713E-471E-94C8-3795D160D373}.Release|ARM64.ActiveCfg = Release|ARM64
		{7D0208D4-713E-471E-94C8-3795D160D373}.Release|ARM64.Build.0 = Release|ARM64
		{7D0208D4-713E-471E-94C8-3795D160D373}.Release|ARM64.Deploy.0 = Release|ARM64
		{7D0208D4-713E-471E-94C8-3795D160D373}.Release|x64.ActiveCfg = Release|x64
		{7D0208D4-713E-471E-94C8-3795D160D373}.Release|x64.Build.0 = Release|x64
		{7D0208D4-713E-471E-94C8-3795D160D373}.Release|x64.Deploy.0 = Release|x64
		{7D0208D4-713E-471E-94C8-3795D160D373}.Release|x86.ActiveCfg = Release|x64
		{7D0208D4-713E-471E-94C8-3795D160D373}.Release|x86.Build.0 = Release|x64
		{7D0208D4-713E-471E-94C8-3795D160D373}.Release|x86.Deploy.0 = Release|x64
		{1F0E65F3-8F9A-4C02-96BB-52D26E54BFC2}.Debug|ARM64.ActiveCfg = Debug|x64
		{1F0E65F3-8F9A-4C02-96BB-52D26E54BFC2}.Debug|ARM64.Build.0 = Debug|x64
		{1F0E65F3-8F9A-4C02-96BB-52D26E54BFC2}.Debug|x64.ActiveCfg = Debug|x64
		{1F0E65F3-8F9A-4C02-96BB-52D26E54BFC2}.Debug|x64.Build.0 = Debug|x64
		{1F0E65F3-8F9A-4C02-96BB-52D26E54BFC2}.Debug|x86.ActiveCfg = Debug|Win32
		{1F0E65F3-8F9A-4C02-96BB-52D26E54BFC2}.Debug|x86.Build.0 = Debug|Win32
		{1F0E65F3-8F9A-4C02-96BB-52D26E54BFC2}.Release|ARM64.ActiveCfg = Release|x64
		{1F0E65F3-8F9A-4C02-96BB-52D26E54BFC2}.Release|ARM64.Build.0 = Release|x64
		{1F0E65F3-8F9A-4C02-96BB-52D26E54BFC2}.Release|x64.ActiveCfg = Release|x64
		{1F0E65F3-8F9A-4C02-96BB-52D26E54BFC2}.Release|x64.Build.0 = Release|x64
		{1F0E65F3-8F9A-4C02-96BB-52D26E54BFC2}.Release|x86.ActiveCfg = Release|Win32
		{1F0E65F3-8F9A-4C02-96BB-52D26E54BFC2}.Release|x86.Build.0 = Release|Win32
		{C2F662DB-3ED6-47EE-A331-2EBE11AA36C3}.Debug|ARM64.ActiveCfg = Debug|x64
		{C2F662DB-3ED6-47EE-A331-2EBE11AA36C3}.Debug|ARM64.Build.0 = Debug|x64
		{C2F662DB-3ED6-47EE-A331-2EBE11AA36C3}.Debug|x64.ActiveCfg = Debug|x64
		{C2F662DB-3ED6-47EE-A331-2EBE11AA36C3}.Debug|x64.Build.0 = Debug|x64
		{C2F662DB-3ED6-47EE-A331-2EBE11AA36C3}.Debug|x86.ActiveCfg = Debug|x64
		{C2F662DB-3ED6-47EE-A331-2EBE11AA36C3}.Debug|x86.Build.0 = Debug|x64
		{C2F662DB-3ED6-47EE-A331-2EBE11AA36C3}.Release|ARM64.ActiveCfg = Release|x64
		{C2F662DB-3ED6-47EE-A331-2EBE11AA36C3}.Release|ARM64.Build.0 = Release|x64
		{C2F662DB-3ED6-47EE-A331-2EBE11AA36C3}.Release|x64.ActiveCfg = Release|x64
		{C2F662DB-3ED6-47EE-A331-2EBE11AA36C3}.Release|x64.Build.0 = Release|x64
		{C2F662DB-3ED6-47EE-A331-2EBE11AA36C3}.Release|x86.ActiveCfg = Release|x64
		{C2F662DB-3ED6-47EE-A331-2EBE11AA36C3}.Release|x86.Build.0 = Release|x64
		{C12D2325-8DA1-44FD-82B1-049DA1A639C3}.Debug|ARM64.ActiveCfg = Debug|x64
		{C12D2325-8DA1-44FD-82B1-049DA1A639C3}.Debug|ARM64.Build.0 = Debug|x64
		{C12D2325-8DA1-44FD-82B1-049DA1A639C3}.Debug|x64.ActiveCfg = Debug|x64
		{C12D2325-8DA1-44FD-82B1-049DA1A639C3}.Debug|x64.Build.0 = Debug|x64
		{C12D2325-8DA1-44FD-82B1-049DA1A639C3}.Debug|x86.ActiveCfg = Debug|Win32
		{C12D2325-8DA1-44FD-82B1-049DA1A639C3}.Debug|x86.Build.0 = Debug|Win32
		{C12D2325-8DA1-44FD-82B1-049DA1A639C3}.Release|ARM64.ActiveCfg = Release|x64
		{C12D2325-8DA1-44FD-82B1-049DA1A639C3}.Release|ARM64.Build.0 = Release|x64
		{C12D2325-8DA1-44FD-82B1-049DA1A639C3}.Release|x64.ActiveCfg = Release|x64
		{C12D2325-8DA1-44FD-82B1-049DA1A639C3}.Release|x64.Build.0 = Release|x64
		{C12D2325-8DA1-44FD-82B1-049DA1A639C3}.Release|x86.ActiveCfg = Release|Win32
		{C12D2325-8DA1-44FD-82B1-049DA1A639C3}.Release|x86.Build.0 = Release|Win32
	EndGlobalSection
	GlobalSection(SolutionProperties) = preSolution
		HideSolutionNode = FALSE
	EndGlobalSection
	GlobalSection(ExtensibilityGlobals) = postSolution
		SolutionGuid = {30DE8530-4E8B-4EC7-9074-2D96D88089C9}
	EndGlobalSection
EndGlobal
