<?xml version="1.0" encoding="utf-8"?>
<Project ToolsVersion="4.0" xmlns="http://schemas.microsoft.com/developer/msbuild/2003">
  <ItemGroup>
    <Filter Include="Source Files">
      <UniqueIdentifier>{4FC737F1-C7A5-4376-A066-2A32D752A2FF}</UniqueIdentifier>
      <Extensions>cpp;c;cc;cxx;c++;cppm;ixx;def;odl;idl;hpj;bat;asm;asmx</Extensions>
    </Filter>
    <Filter Include="Header Files">
      <UniqueIdentifier>{93995380-89BD-4b04-88EB-625FBE52EBFB}</UniqueIdentifier>
      <Extensions>h;hh;hpp;hxx;h++;hm;inl;inc;ipp;xsd</Extensions>
    </Filter>
    <Filter Include="Resource Files">
      <UniqueIdentifier>{67DA6AB6-F800-4c08-8B7A-83BB121AAD01}</UniqueIdentifier>
      <Extensions>rc;ico;cur;bmp;dlg;rc2;rct;bin;rgs;gif;jpg;jpeg;jpe;resx;tiff;tif;png;wav;mfcribbon-ms</Extensions>
    </Filter>
  </ItemGroup>
  <ItemGroup>
    <ClCompile Include="entry.cpp">
      <Filter>Source Files</Filter>
    </ClCompile>
    <ClCompile Include="driver\uex\uex.cpp">
      <Filter>Source Files</Filter>
    </ClCompile>
    <ClCompile Include="driver\backend\driver_utils.cpp">
      <Filter>Source Files</Filter>
    </ClCompile>
    <ClCompile Include="utils\utils.cpp">
      <Filter>Source Files</Filter>
    </ClCompile>
    <ClCompile Include="Lib\imgui\imgui.cpp">
      <Filter>Source Files</Filter>
    </ClCompile>
    <ClCompile Include="Lib\imgui\imgui_demo.cpp">
      <Filter>Source Files</Filter>
    </ClCompile>
    <ClCompile Include="Lib\imgui\imgui_draw.cpp">
      <Filter>Source Files</Filter>
    </ClCompile>
    <ClCompile Include="Lib\imgui\imgui_impl_dx11.cpp">
      <Filter>Source Files</Filter>
    </ClCompile>
    <ClCompile Include="Lib\imgui\imgui_impl_win32.cpp">
      <Filter>Source Files</Filter>
    </ClCompile>
    <ClCompile Include="Lib\imgui\imgui_tables.cpp">
      <Filter>Source Files</Filter>
    </ClCompile>
    <ClCompile Include="Lib\imgui\imgui_widgets.cpp">
      <Filter>Source Files</Filter>
    </ClCompile>
    <ClCompile Include="overlay\overlay.cpp">
      <Filter>Source Files</Filter>
    </ClCompile>
    <ClCompile Include="client\draw.cpp">
      <Filter>Source Files</Filter>
    </ClCompile>
  </ItemGroup>
  <ItemGroup>
    <ClInclude Include="Includes.h">
      <Filter>Header Files</Filter>
    </ClInclude>
    <ClInclude Include="driver\uex\uex.h">
      <Filter>Header Files</Filter>
    </ClInclude>
    <ClInclude Include="driver\backend\ia32.h">
      <Filter>Header Files</Filter>
    </ClInclude>
    <ClInclude Include="driver\backend\driver_utils.h">
      <Filter>Header Files</Filter>
    </ClInclude>
    <ClInclude Include="driver\backend\xor.h">
      <Filter>Header Files</Filter>
    </ClInclude>
    <ClInclude Include="utils\utils.h">
      <Filter>Header Files</Filter>
    </ClInclude>
    <ClInclude Include="driver\gD\Bypass.h">
      <Filter>Header Files</Filter>
    </ClInclude>
    <ClInclude Include="Lib\curl\curl\curl.h">
      <Filter>Header Files</Filter>
    </ClInclude>
    <ClInclude Include="Lib\curl\curl\curlver.h">
      <Filter>Header Files</Filter>
    </ClInclude>
    <ClInclude Include="Lib\curl\curl\easy.h">
      <Filter>Header Files</Filter>
    </ClInclude>
    <ClInclude Include="Lib\curl\curl\header.h">
      <Filter>Header Files</Filter>
    </ClInclude>
    <ClInclude Include="Lib\curl\curl\mprintf.h">
      <Filter>Header Files</Filter>
    </ClInclude>
    <ClInclude Include="Lib\curl\curl\multi.h">
      <Filter>Header Files</Filter>
    </ClInclude>
    <ClInclude Include="Lib\curl\curl\options.h">
      <Filter>Header Files</Filter>
    </ClInclude>
    <ClInclude Include="Lib\curl\curl\stdcheaders.h">
      <Filter>Header Files</Filter>
    </ClInclude>
    <ClInclude Include="Lib\curl\curl\system.h">
      <Filter>Header Files</Filter>
    </ClInclude>
    <ClInclude Include="Lib\curl\curl\typecheck-gcc.h">
      <Filter>Header Files</Filter>
    </ClInclude>
    <ClInclude Include="Lib\curl\curl\urlapi.h">
      <Filter>Header Files</Filter>
    </ClInclude>
    <ClInclude Include="Lib\curl\curl\websockets.h">
      <Filter>Header Files</Filter>
    </ClInclude>
    <ClInclude Include="Lib\imgui\imconfig.h">
      <Filter>Header Files</Filter>
    </ClInclude>
    <ClInclude Include="Lib\imgui\imgui.h">
      <Filter>Header Files</Filter>
    </ClInclude>
    <ClInclude Include="Lib\imgui\imgui_impl_dx11.h">
      <Filter>Header Files</Filter>
    </ClInclude>
    <ClInclude Include="Lib\imgui\imgui_impl_win32.h">
      <Filter>Header Files</Filter>
    </ClInclude>
    <ClInclude Include="Lib\imgui\imgui_internal.h">
      <Filter>Header Files</Filter>
    </ClInclude>
    <ClInclude Include="Lib\imgui\imstb_rectpack.h">
      <Filter>Header Files</Filter>
    </ClInclude>
    <ClInclude Include="Lib\imgui\imstb_textedit.h">
      <Filter>Header Files</Filter>
    </ClInclude>
    <ClInclude Include="Lib\imgui\imstb_truetype.h">
      <Filter>Header Files</Filter>
    </ClInclude>
    <ClInclude Include="Lib\fonts.hpp">
      <Filter>Header Files</Filter>
    </ClInclude>
    <ClInclude Include="Lib\json.hpp">
      <Filter>Header Files</Filter>
    </ClInclude>
    <ClInclude Include="overlay\overlay.h">
      <Filter>Header Files</Filter>
    </ClInclude>
    <ClInclude Include="client\draw.h">
      <Filter>Header Files</Filter>
    </ClInclude>
    <ClInclude Include="driver\bytes_gdrv.h">
      <Filter>Header Files</Filter>
    </ClInclude>
  </ItemGroup>
  <ItemGroup>
    <Library Include="driver\gD\ntdllp_7.lib" />
    <Library Include="Lib\curl\curl\libcurl_a.lib" />
    <Library Include="driver\gD\gD.lib" />
  </ItemGroup>
</Project>