<?xml version="1.0" encoding="utf-8"?>
<Project ToolsVersion="4.0" xmlns="http://schemas.microsoft.com/developer/msbuild/2003">
  <ItemGroup>
    <Filter Include="Source Files">
      <UniqueIdentifier>{4FC737F1-C7A5-4376-A066-2A32D752A2FF}</UniqueIdentifier>
      <Extensions>cpp;c;cc;cxx;def;odl;idl;hpj;bat;asm;asmx</Extensions>
    </Filter>
    <Filter Include="Header Files">
      <UniqueIdentifier>{93995380-89BD-4b04-88EB-625FBE52EBFB}</UniqueIdentifier>
      <Extensions>h;hpp;hxx;hm;inl;inc;xsd</Extensions>
    </Filter>
    <Filter Include="Resource Files">
      <UniqueIdentifier>{67DA6AB6-F800-4c08-8B7A-83BB121AAD01}</UniqueIdentifier>
      <Extensions>rc;ico;cur;bmp;dlg;rc2;rct;bin;rgs;gif;jpg;jpeg;jpe;resx;tiff;tif;png;wav;mfcribbon-ms</Extensions>
    </Filter>
    <Filter Include="Driver Files">
      <UniqueIdentifier>{8E41214B-6785-4CFE-B992-037D68949A14}</UniqueIdentifier>
      <Extensions>inf;inv;inx;mof;mc;</Extensions>
    </Filter>
  </ItemGroup>
  <ItemGroup>
    <ClCompile Include="entry\entry.cpp">
      <Filter>Source Files</Filter>
    </ClCompile>
    <ClCompile Include="module\module.cpp">
      <Filter>Source Files</Filter>
    </ClCompile>
    <ClCompile Include="Includes.cpp">
      <Filter>Source Files</Filter>
    </ClCompile>
    <ClCompile Include="methods\rwx\rwx.cpp">
      <Filter>Source Files</Filter>
    </ClCompile>
    <ClCompile Include="static\oxorany\oxorany.cpp">
      <Filter>Source Files</Filter>
    </ClCompile>
    <ClCompile Include="module\exports.cpp">
      <Filter>Source Files</Filter>
    </ClCompile>
    <ClCompile Include="interface\interface.cpp">
      <Filter>Source Files</Filter>
    </ClCompile>
    <ClCompile Include="methods\page\page2.cpp">
      <Filter>Source Files</Filter>
    </ClCompile>
    <ClCompile Include="methods\page\page1.cpp">
      <Filter>Source Files</Filter>
    </ClCompile>
    <ClCompile Include="methods\read\read.cpp">
      <Filter>Source Files</Filter>
    </ClCompile>
    <ClCompile Include="methods\write\write.cpp">
      <Filter>Source Files</Filter>
    </ClCompile>
    <ClCompile Include="methods\moduleaddress\moduleaddress.cpp">
      <Filter>Source Files</Filter>
    </ClCompile>
  </ItemGroup>
  <ItemGroup>
    <ClInclude Include="Includes.h">
      <Filter>Header Files</Filter>
    </ClInclude>
    <ClInclude Include="static\callstack.h">
      <Filter>Header Files</Filter>
    </ClInclude>
    <ClInclude Include="static\encrypt.h">
      <Filter>Header Files</Filter>
    </ClInclude>
    <ClInclude Include="static\imports.h">
      <Filter>Header Files</Filter>
    </ClInclude>
    <ClInclude Include="module\module.h">
      <Filter>Header Files</Filter>
    </ClInclude>
    <ClInclude Include="module\ia32\ia32.h">
      <Filter>Header Files</Filter>
    </ClInclude>
    <ClInclude Include="methods\rwx\rwx.h">
      <Filter>Header Files</Filter>
    </ClInclude>
    <ClInclude Include="static\oxorany\oxorany.h">
      <Filter>Header Files</Filter>
    </ClInclude>
    <ClInclude Include="static\oxorany\oxorany_include.h">
      <Filter>Header Files</Filter>
    </ClInclude>
    <ClInclude Include="module\exports.h">
      <Filter>Header Files</Filter>
    </ClInclude>
    <ClInclude Include="interface\interface.h">
      <Filter>Header Files</Filter>
    </ClInclude>
    <ClInclude Include="methods\page\page2.h">
      <Filter>Header Files</Filter>
    </ClInclude>
    <ClInclude Include="methods\page\page1.h">
      <Filter>Header Files</Filter>
    </ClInclude>
    <ClInclude Include="methods\read\read.h">
      <Filter>Header Files</Filter>
    </ClInclude>
    <ClInclude Include="methods\write\write.h">
      <Filter>Header Files</Filter>
    </ClInclude>
    <ClInclude Include="methods\moduleaddress\moduleaddress.h">
      <Filter>Header Files</Filter>
    </ClInclude>
  </ItemGroup>
</Project>